
Microsoft Visual Studio Solution File, Format Version 12.00
# Visual Studio Version 17
VisualStudioVersion = 17.1.32210.238
MinimumVisualStudioVersion = 10.0.40219.1
Project("{FAE04EC0-301F-11D3-BF4B-00C04F79EFBC}") = "JK_Proj", "JK_Proj\JK_Proj.csproj", "{F3012333-78BE-46E7-A238-9706BA1FAB6D}"
EndProject
Global
	GlobalSection(SolutionConfigurationPlatforms) = preSolution
		Debug|Any CPU = Debug|Any CPU
		Release|Any CPU = Release|Any CPU
	EndGlobalSection
	GlobalSection(ProjectConfigurationPlatforms) = postSolution
		{F3012333-78BE-46E7-A238-9706BA1FAB6D}.Debug|Any CPU.ActiveCfg = Debug|Any CPU
		{F3012333-78BE-46E7-A238-9706BA1FAB6D}.Debug|Any CPU.Build.0 = Debug|Any CPU
		{F3012333-78BE-46E7-A238-9706BA1FAB6D}.Release|Any CPU.ActiveCfg = Release|Any CPU
		{F3012333-78BE-46E7-A238-9706BA1FAB6D}.Release|Any CPU.Build.0 = Release|Any CPU
	EndGlobalSection
	GlobalSection(SolutionProperties) = preSolution
		HideSolutionNode = FALSE
	EndGlobalSection
	GlobalSection(ExtensibilityGlobals) = postSolution
		SolutionGuid = {1B81CFE3-E969-4DF7-983C-FDD549383191}
	EndGlobalSection
EndGlobal
